// !$*UTF8*$!
{
	archiveVersion = 1;
	classes = {
	};
	objectVersion = 46;
	objects = {

/* Begin PBXBuildFile section */
		4920E7CB1C7CD1D8007FD3D3 /* AppDelegate.swift in Sources */ = {isa = PBXBuildFile; fileRef = 4920E7CA1C7CD1D8007FD3D3 /* AppDelegate.swift */; };
		4920E7D01C7CD1D8007FD3D3 /* Main.storyboard in Resources */ = {isa = PBXBuildFile; fileRef = 4920E7CE1C7CD1D8007FD3D3 /* Main.storyboard */; };
		4920E7D21C7CD1D8007FD3D3 /* Assets.xcassets in Resources */ = {isa = PBXBuildFile; fileRef = 4920E7D11C7CD1D8007FD3D3 /* Assets.xcassets */; };
		4920E7D51C7CD1D8007FD3D3 /* LaunchScreen.storyboard in Resources */ = {isa = PBXBuildFile; fileRef = 4920E7D31C7CD1D8007FD3D3 /* LaunchScreen.storyboard */; };
		4920E7DD1C7CD6BE007FD3D3 /* ChatViewController.swift in Sources */ = {isa = PBXBuildFile; fileRef = 4920E7DC1C7CD6BE007FD3D3 /* ChatViewController.swift */; };
		4920E7EA1C7CD702007FD3D3 /* UIPaddedLabel.swift in Sources */ = {isa = PBXBuildFile; fileRef = 4920E7E61C7CD702007FD3D3 /* UIPaddedLabel.swift */; };
		4920E7EB1C7CD702007FD3D3 /* ChatItem.swift in Sources */ = {isa = PBXBuildFile; fileRef = 4920E7E71C7CD702007FD3D3 /* ChatItem.swift */; };
		4920E7EC1C7CD702007FD3D3 /* ChatTableViewCell.swift in Sources */ = {isa = PBXBuildFile; fileRef = 4920E7E81C7CD702007FD3D3 /* ChatTableViewCell.swift */; };
		4920E7EF1C7CD73D007FD3D3 /* Database.swift in Sources */ = {isa = PBXBuildFile; fileRef = 4920E7EE1C7CD73D007FD3D3 /* Database.swift */; };
		4920E7F11C7CDA1D007FD3D3 /* UIColor+PT.swift in Sources */ = {isa = PBXBuildFile; fileRef = 4920E7F01C7CDA1D007FD3D3 /* UIColor+PT.swift */; };
		4920E7F41C7CECBA007FD3D3 /* ChatResposeCollectionViewCell.swift in Sources */ = {isa = PBXBuildFile; fileRef = 4920E7F31C7CECBA007FD3D3 /* ChatResposeCollectionViewCell.swift */; };
		4920E7F61C7CEF8B007FD3D3 /* ChatResponseButton.swift in Sources */ = {isa = PBXBuildFile; fileRef = 4920E7F51C7CEF8B007FD3D3 /* ChatResponseButton.swift */; };
		4920E7FB1C7D8B03007FD3D3 /* ChatImageTableViewCell.swift in Sources */ = {isa = PBXBuildFile; fileRef = 4920E7FA1C7D8B03007FD3D3 /* ChatImageTableViewCell.swift */; };
		494A8BC11C863B7C0092B531 /* LogViewController.swift in Sources */ = {isa = PBXBuildFile; fileRef = 494A8BC01C863B7C0092B531 /* LogViewController.swift */; };
		494A8BC41C86CD160092B531 /* LogCollectionViewCell.swift in Sources */ = {isa = PBXBuildFile; fileRef = 494A8BC31C86CD160092B531 /* LogCollectionViewCell.swift */; };
		494A8BC61C876DDF0092B531 /* ChatFreeResponseCollectionViewCell.swift in Sources */ = {isa = PBXBuildFile; fileRef = 494A8BC51C876DDF0092B531 /* ChatFreeResponseCollectionViewCell.swift */; };
		494A8BC81C876E1C0092B531 /* ChatResponseTextField.swift in Sources */ = {isa = PBXBuildFile; fileRef = 494A8BC71C876E1C0092B531 /* ChatResponseTextField.swift */; };
		4974DEDE1C7EF934000D0923 /* ChatBubblesLayout.swift in Sources */ = {isa = PBXBuildFile; fileRef = 4974DEDD1C7EF934000D0923 /* ChatBubblesLayout.swift */; };
/* End PBXBuildFile section */

/* Begin PBXFileReference section */
		4920E7C71C7CD1D8007FD3D3 /* zaldy.app */ = {isa = PBXFileReference; explicitFileType = wrapper.application; includeInIndex = 0; path = zaldy.app; sourceTree = BUILT_PRODUCTS_DIR; };
		4920E7CA1C7CD1D8007FD3D3 /* AppDelegate.swift */ = {isa = PBXFileReference; lastKnownFileType = sourcecode.swift; path = AppDelegate.swift; sourceTree = "<group>"; };
		4920E7CF1C7CD1D8007FD3D3 /* Base */ = {isa = PBXFileReference; lastKnownFileType = file.storyboard; name = Base; path = Base.lproj/Main.storyboard; sourceTree = "<group>"; };
		4920E7D11C7CD1D8007FD3D3 /* Assets.xcassets */ = {isa = PBXFileReference; lastKnownFileType = folder.assetcatalog; path = Assets.xcassets; sourceTree = "<group>"; };
		4920E7D41C7CD1D8007FD3D3 /* Base */ = {isa = PBXFileReference; lastKnownFileType = file.storyboard; name = Base; path = Base.lproj/LaunchScreen.storyboard; sourceTree = "<group>"; };
		4920E7D61C7CD1D8007FD3D3 /* Info.plist */ = {isa = PBXFileReference; lastKnownFileType = text.plist.xml; path = Info.plist; sourceTree = "<group>"; };
		4920E7DC1C7CD6BE007FD3D3 /* ChatViewController.swift */ = {isa = PBXFileReference; fileEncoding = 4; lastKnownFileType = sourcecode.swift; name = ChatViewController.swift; path = ../ChatViewController.swift; sourceTree = "<group>"; };
		4920E7E61C7CD702007FD3D3 /* UIPaddedLabel.swift */ = {isa = PBXFileReference; fileEncoding = 4; lastKnownFileType = sourcecode.swift; path = UIPaddedLabel.swift; sourceTree = "<group>"; };
		4920E7E71C7CD702007FD3D3 /* ChatItem.swift */ = {isa = PBXFileReference; fileEncoding = 4; lastKnownFileType = sourcecode.swift; path = ChatItem.swift; sourceTree = "<group>"; };
		4920E7E81C7CD702007FD3D3 /* ChatTableViewCell.swift */ = {isa = PBXFileReference; fileEncoding = 4; lastKnownFileType = sourcecode.swift; path = ChatTableViewCell.swift; sourceTree = "<group>"; };
		4920E7EE1C7CD73D007FD3D3 /* Database.swift */ = {isa = PBXFileReference; fileEncoding = 4; lastKnownFileType = sourcecode.swift; path = Database.swift; sourceTree = "<group>"; };
		4920E7F01C7CDA1D007FD3D3 /* UIColor+PT.swift */ = {isa = PBXFileReference; fileEncoding = 4; lastKnownFileType = sourcecode.swift; path = "UIColor+PT.swift"; sourceTree = "<group>"; };
		4920E7F31C7CECBA007FD3D3 /* ChatResposeCollectionViewCell.swift */ = {isa = PBXFileReference; fileEncoding = 4; lastKnownFileType = sourcecode.swift; path = ChatResposeCollectionViewCell.swift; sourceTree = "<group>"; };
		4920E7F51C7CEF8B007FD3D3 /* ChatResponseButton.swift */ = {isa = PBXFileReference; fileEncoding = 4; lastKnownFileType = sourcecode.swift; path = ChatResponseButton.swift; sourceTree = "<group>"; };
		4920E7FA1C7D8B03007FD3D3 /* ChatImageTableViewCell.swift */ = {isa = PBXFileReference; fileEncoding = 4; lastKnownFileType = sourcecode.swift; path = ChatImageTableViewCell.swift; sourceTree = "<group>"; };
		494A8BC01C863B7C0092B531 /* LogViewController.swift */ = {isa = PBXFileReference; fileEncoding = 4; lastKnownFileType = sourcecode.swift; name = LogViewController.swift; path = ../LogViewController.swift; sourceTree = "<group>"; };
		494A8BC31C86CD160092B531 /* LogCollectionViewCell.swift */ = {isa = PBXFileReference; fileEncoding = 4; lastKnownFileType = sourcecode.swift; path = LogCollectionViewCell.swift; sourceTree = "<group>"; };
		494A8BC51C876DDF0092B531 /* ChatFreeResponseCollectionViewCell.swift */ = {isa = PBXFileReference; fileEncoding = 4; lastKnownFileType = sourcecode.swift; path = ChatFreeResponseCollectionViewCell.swift; sourceTree = "<group>"; };
		494A8BC71C876E1C0092B531 /* ChatResponseTextField.swift */ = {isa = PBXFileReference; fileEncoding = 4; lastKnownFileType = sourcecode.swift; path = ChatResponseTextField.swift; sourceTree = "<group>"; };
		4974DEDD1C7EF934000D0923 /* ChatBubblesLayout.swift */ = {isa = PBXFileReference; fileEncoding = 4; lastKnownFileType = sourcecode.swift; path = ChatBubblesLayout.swift; sourceTree = "<group>"; };
/* End PBXFileReference section */

/* Begin PBXFrameworksBuildPhase section */
		4920E7C41C7CD1D8007FD3D3 /* Frameworks */ = {
			isa = PBXFrameworksBuildPhase;
			buildActionMask = 2147483647;
			files = (
			);
			runOnlyForDeploymentPostprocessing = 0;
		};
/* End PBXFrameworksBuildPhase section */

/* Begin PBXGroup section */
		4920E7BE1C7CD1D7007FD3D3 = {
			isa = PBXGroup;
			children = (
				4920E7C91C7CD1D8007FD3D3 /* zaldy */,
				4920E7C81C7CD1D8007FD3D3 /* Products */,
			);
			sourceTree = "<group>";
		};
		4920E7C81C7CD1D8007FD3D3 /* Products */ = {
			isa = PBXGroup;
			children = (
				4920E7C71C7CD1D8007FD3D3 /* zaldy.app */,
			);
			name = Products;
			sourceTree = "<group>";
		};
		4920E7C91C7CD1D8007FD3D3 /* zaldy */ = {
			isa = PBXGroup;
			children = (
				494A8BC21C86CCE00092B531 /* Log */,
				4920E7F91C7D6F2B007FD3D3 /* Model */,
				4920E7F81C7D6C12007FD3D3 /* ChatSubviews */,
				4920E7DC1C7CD6BE007FD3D3 /* ChatViewController.swift */,
				4920E7CE1C7CD1D8007FD3D3 /* Main.storyboard */,
				4920E7D11C7CD1D8007FD3D3 /* Assets.xcassets */,
				4920E7F21C7CDA88007FD3D3 /* supporting files */,
			);
			path = zaldy;
			sourceTree = "<group>";
		};
		4920E7F21C7CDA88007FD3D3 /* supporting files */ = {
			isa = PBXGroup;
			children = (
				4920E7CA1C7CD1D8007FD3D3 /* AppDelegate.swift */,
				4920E7D31C7CD1D8007FD3D3 /* LaunchScreen.storyboard */,
				4920E7D61C7CD1D8007FD3D3 /* Info.plist */,
			);
			name = "supporting files";
			sourceTree = "<group>";
		};
		4920E7F81C7D6C12007FD3D3 /* ChatSubviews */ = {
			isa = PBXGroup;
			children = (
				4920E7F51C7CEF8B007FD3D3 /* ChatResponseButton.swift */,
				494A8BC71C876E1C0092B531 /* ChatResponseTextField.swift */,
				4920E7F31C7CECBA007FD3D3 /* ChatResposeCollectionViewCell.swift */,
				494A8BC51C876DDF0092B531 /* ChatFreeResponseCollectionViewCell.swift */,
				4920E7E81C7CD702007FD3D3 /* ChatTableViewCell.swift */,
				4920E7E61C7CD702007FD3D3 /* UIPaddedLabel.swift */,
				4974DEDD1C7EF934000D0923 /* ChatBubblesLayout.swift */,
				4920E7FA1C7D8B03007FD3D3 /* ChatImageTableViewCell.swift */,
			);
			name = ChatSubviews;
			sourceTree = "<group>";
		};
		4920E7F91C7D6F2B007FD3D3 /* Model */ = {
			isa = PBXGroup;
			children = (
				4920E7EE1C7CD73D007FD3D3 /* Database.swift */,
				4920E7F01C7CDA1D007FD3D3 /* UIColor+PT.swift */,
				4920E7E71C7CD702007FD3D3 /* ChatItem.swift */,
			);
			name = Model;
			sourceTree = "<group>";
		};
		494A8BC21C86CCE00092B531 /* Log */ = {
			isa = PBXGroup;
			children = (
				494A8BC01C863B7C0092B531 /* LogViewController.swift */,
				494A8BC31C86CD160092B531 /* LogCollectionViewCell.swift */,
			);
			name = Log;
			sourceTree = "<group>";
		};
/* End PBXGroup section */

/* Begin PBXNativeTarget section */
		4920E7C61C7CD1D8007FD3D3 /* zaldy */ = {
			isa = PBXNativeTarget;
			buildConfigurationList = 4920E7D91C7CD1D8007FD3D3 /* Build configuration list for PBXNativeTarget "zaldy" */;
			buildPhases = (
				4920E7C31C7CD1D8007FD3D3 /* Sources */,
				4920E7C41C7CD1D8007FD3D3 /* Frameworks */,
				4920E7C51C7CD1D8007FD3D3 /* Resources */,
			);
			buildRules = (
			);
			dependencies = (
			);
			name = zaldy;
			productName = zaldy;
			productReference = 4920E7C71C7CD1D8007FD3D3 /* zaldy.app */;
			productType = "com.apple.product-type.application";
		};
/* End PBXNativeTarget section */

/* Begin PBXProject section */
		4920E7BF1C7CD1D7007FD3D3 /* Project object */ = {
			isa = PBXProject;
			attributes = {
				LastSwiftUpdateCheck = 0720;
				LastUpgradeCheck = 0720;
				ORGANIZATIONNAME = "Fang Industries";
				TargetAttributes = {
					4920E7C61C7CD1D8007FD3D3 = {
						CreatedOnToolsVersion = 7.2.1;
					};
				};
			};
			buildConfigurationList = 4920E7C21C7CD1D7007FD3D3 /* Build configuration list for PBXProject "zaldy" */;
			compatibilityVersion = "Xcode 3.2";
			developmentRegion = English;
			hasScannedForEncodings = 0;
			knownRegions = (
				en,
				Base,
			);
			mainGroup = 4920E7BE1C7CD1D7007FD3D3;
			productRefGroup = 4920E7C81C7CD1D8007FD3D3 /* Products */;
			projectDirPath = "";
			projectRoot = "";
			targets = (
				4920E7C61C7CD1D8007FD3D3 /* zaldy */,
			);
		};
/* End PBXProject section */

/* Begin PBXResourcesBuildPhase section */
		4920E7C51C7CD1D8007FD3D3 /* Resources */ = {
			isa = PBXResourcesBuildPhase;
			buildActionMask = 2147483647;
			files = (
				4920E7D51C7CD1D8007FD3D3 /* LaunchScreen.storyboard in Resources */,
				4920E7D21C7CD1D8007FD3D3 /* Assets.xcassets in Resources */,
				4920E7D01C7CD1D8007FD3D3 /* Main.storyboard in Resources */,
			);
			runOnlyForDeploymentPostprocessing = 0;
		};
/* End PBXResourcesBuildPhase section */

/* Begin PBXSourcesBuildPhase section */
		4920E7C31C7CD1D8007FD3D3 /* Sources */ = {
			isa = PBXSourcesBuildPhase;
			buildActionMask = 2147483647;
			files = (
				4920E7EB1C7CD702007FD3D3 /* ChatItem.swift in Sources */,
				4920E7DD1C7CD6BE007FD3D3 /* ChatViewController.swift in Sources */,
				4920E7F11C7CDA1D007FD3D3 /* UIColor+PT.swift in Sources */,
				494A8BC11C863B7C0092B531 /* LogViewController.swift in Sources */,
				494A8BC81C876E1C0092B531 /* ChatResponseTextField.swift in Sources */,
				4920E7EC1C7CD702007FD3D3 /* ChatTableViewCell.swift in Sources */,
				4920E7CB1C7CD1D8007FD3D3 /* AppDelegate.swift in Sources */,
				4920E7FB1C7D8B03007FD3D3 /* ChatImageTableViewCell.swift in Sources */,
				4920E7F61C7CEF8B007FD3D3 /* ChatResponseButton.swift in Sources */,
				4974DEDE1C7EF934000D0923 /* ChatBubblesLayout.swift in Sources */,
				4920E7EF1C7CD73D007FD3D3 /* Database.swift in Sources */,
				4920E7F41C7CECBA007FD3D3 /* ChatResposeCollectionViewCell.swift in Sources */,
				494A8BC41C86CD160092B531 /* LogCollectionViewCell.swift in Sources */,
				4920E7EA1C7CD702007FD3D3 /* UIPaddedLabel.swift in Sources */,
				494A8BC61C876DDF0092B531 /* ChatFreeResponseCollectionViewCell.swift in Sources */,
			);
			runOnlyForDeploymentPostprocessing = 0;
		};
/* End PBXSourcesBuildPhase section */

/* Begin PBXVariantGroup section */
		4920E7CE1C7CD1D8007FD3D3 /* Main.storyboard */ = {
			isa = PBXVariantGroup;
			children = (
				4920E7CF1C7CD1D8007FD3D3 /* Base */,
			);
			name = Main.storyboard;
			sourceTree = "<group>";
		};
		4920E7D31C7CD1D8007FD3D3 /* LaunchScreen.storyboard */ = {
			isa = PBXVariantGroup;
			children = (
				4920E7D41C7CD1D8007FD3D3 /* Base */,
			);
			name = LaunchScreen.storyboard;
			sourceTree = "<group>";
		};
/* End PBXVariantGroup section */

/* Begin XCBuildConfiguration section */
		4920E7D71C7CD1D8007FD3D3 /* Debug */ = {
			isa = XCBuildConfiguration;
			buildSettings = {
				ALWAYS_SEARCH_USER_PATHS = NO;
				CLANG_CXX_LANGUAGE_STANDARD = "gnu++0x";
				CLANG_CXX_LIBRARY = "libc++";
				CLANG_ENABLE_MODULES = YES;
				CLANG_ENABLE_OBJC_ARC = YES;
				CLANG_WARN_BOOL_CONVERSION = YES;
				CLANG_WARN_CONSTANT_CONVERSION = YES;
				CLANG_WARN_DIRECT_OBJC_ISA_USAGE = YES_ERROR;
				CLANG_WARN_EMPTY_BODY = YES;
				CLANG_WARN_ENUM_CONVERSION = YES;
				CLANG_WARN_INT_CONVERSION = YES;
				CLANG_WARN_OBJC_ROOT_CLASS = YES_ERROR;
				CLANG_WARN_UNREACHABLE_CODE = YES;
				CLANG_WARN__DUPLICATE_METHOD_MATCH = YES;
				"CODE_SIGN_IDENTITY[sdk=iphoneos*]" = "iPhone Developer";
				COPY_PHASE_STRIP = NO;
				DEBUG_INFORMATION_FORMAT = dwarf;
				ENABLE_STRICT_OBJC_MSGSEND = YES;
				ENABLE_TESTABILITY = YES;
				GCC_C_LANGUAGE_STANDARD = gnu99;
				GCC_DYNAMIC_NO_PIC = NO;
				GCC_NO_COMMON_BLOCKS = YES;
				GCC_OPTIMIZATION_LEVEL = 0;
				GCC_PREPROCESSOR_DEFINITIONS = (
					"DEBUG=1",
					"$(inherited)",
				);
				GCC_WARN_64_TO_32_BIT_CONVERSION = YES;
				GCC_WARN_ABOUT_RETURN_TYPE = YES_ERROR;
				GCC_WARN_UNDECLARED_SELECTOR = YES;
				GCC_WARN_UNINITIALIZED_AUTOS = YES_AGGRESSIVE;
				GCC_WARN_UNUSED_FUNCTION = YES;
				GCC_WARN_UNUSED_VARIABLE = YES;
				IPHONEOS_DEPLOYMENT_TARGET = 9.2;
				MTL_ENABLE_DEBUG_INFO = YES;
				ONLY_ACTIVE_ARCH = YES;
				SDKROOT = iphoneos;
				SWIFT_OPTIMIZATION_LEVEL = "-Onone";
				TARGETED_DEVICE_FAMILY = "1,2";
			};
			name = Debug;
		};
		4920E7D81C7CD1D8007FD3D3 /* Release */ = {
			isa = XCBuildConfiguration;
			buildSettings = {
				ALWAYS_SEARCH_USER_PATHS = NO;
				CLANG_CXX_LANGUAGE_STANDARD = "gnu++0x";
				CLANG_CXX_LIBRARY = "libc++";
				CLANG_ENABLE_MODULES = YES;
				CLANG_ENABLE_OBJC_ARC = YES;
				CLANG_WARN_BOOL_CONVERSION = YES;
				CLANG_WARN_CONSTANT_CONVERSION = YES;
				CLANG_WARN_DIRECT_OBJC_ISA_USAGE = YES_ERROR;
				CLANG_WARN_EMPTY_BODY = YES;
				CLANG_WARN_ENUM_CONVERSION = YES;
				CLANG_WARN_INT_CONVERSION = YES;
				CLANG_WARN_OBJC_ROOT_CLASS = YES_ERROR;
				CLANG_WARN_UNREACHABLE_CODE = YES;
				CLANG_WARN__DUPLICATE_METHOD_MATCH = YES;
				"CODE_SIGN_IDENTITY[sdk=iphoneos*]" = "iPhone Developer";
				COPY_PHASE_STRIP = NO;
				DEBUG_INFORMATION_FORMAT = "dwarf-with-dsym";
				ENABLE_NS_ASSERTIONS = NO;
				ENABLE_STRICT_OBJC_MSGSEND = YES;
				GCC_C_LANGUAGE_STANDARD = gnu99;
				GCC_NO_COMMON_BLOCKS = YES;
				GCC_WARN_64_TO_32_BIT_CONVERSION = YES;
				GCC_WARN_ABOUT_RETURN_TYPE = YES_ERROR;
				GCC_WARN_UNDECLARED_SELECTOR = YES;
				GCC_WARN_UNINITIALIZED_AUTOS = YES_AGGRESSIVE;
				GCC_WARN_UNUSED_FUNCTION = YES;
				GCC_WARN_UNUSED_VARIABLE = YES;
				IPHONEOS_DEPLOYMENT_TARGET = 9.2;
				MTL_ENABLE_DEBUG_INFO = NO;
				SDKROOT = iphoneos;
				TARGETED_DEVICE_FAMILY = "1,2";
				VALIDATE_PRODUCT = YES;
			};
			name = Release;
		};
		4920E7DA1C7CD1D8007FD3D3 /* Debug */ = {
			isa = XCBuildConfiguration;
			buildSettings = {
				ASSETCATALOG_COMPILER_APPICON_NAME = AppIcon;
				INFOPLIST_FILE = zaldy/Info.plist;
				LD_RUNPATH_SEARCH_PATHS = "$(inherited) @executable_path/Frameworks";
				PRODUCT_BUNDLE_IDENTIFIER = com.andrewbfang.zaldy;
				PRODUCT_NAME = "$(TARGET_NAME)";
			};
			name = Debug;
		};
		4920E7DB1C7CD1D8007FD3D3 /* Release */ = {
			isa = XCBuildConfiguration;
			buildSettings = {
				ASSETCATALOG_COMPILER_APPICON_NAME = AppIcon;
				INFOPLIST_FILE = zaldy/Info.plist;
				LD_RUNPATH_SEARCH_PATHS = "$(inherited) @executable_path/Frameworks";
				PRODUCT_BUNDLE_IDENTIFIER = com.andrewbfang.zaldy;
				PRODUCT_NAME = "$(TARGET_NAME)";
			};
			name = Release;
		};
/* End XCBuildConfiguration section */

/* Begin XCConfigurationList section */
		4920E7C21C7CD1D7007FD3D3 /* Build configuration list for PBXProject "zaldy" */ = {
			isa = XCConfigurationList;
			buildConfigurations = (
				4920E7D71C7CD1D8007FD3D3 /* Debug */,
				4920E7D81C7CD1D8007FD3D3 /* Release */,
			);
			defaultConfigurationIsVisible = 0;
			defaultConfigurationName = Release;
		};
		4920E7D91C7CD1D8007FD3D3 /* Build configuration list for PBXNativeTarget "zaldy" */ = {
			isa = XCConfigurationList;
			buildConfigurations = (
				4920E7DA1C7CD1D8007FD3D3 /* Debug */,
				4920E7DB1C7CD1D8007FD3D3 /* Release */,
			);
			defaultConfigurationIsVisible = 0;
			defaultConfigurationName = Release;
		};
/* End XCConfigurationList section */
	};
	rootObject = 4920E7BF1C7CD1D7007FD3D3 /* Project object */;
}
